# This file is automatically @generated by Cargo.
# It is not intended for manual editing.
version = 4

[[package]]
name = "pricing"
version = "0.1.0"
dependencies = [
 "pricing-core",
 "pricing-market",
 "pricing-mc",
 "pricing-models",
 "pricing-product",
 "pricing-risk",
]

[[package]]
name = "pricing-aad"
version = "0.1.0"
dependencies = [
 "pricing-core",
 "pricing-numerics",
]

[[package]]
name = "pricing-core"
version = "0.1.0"

[[package]]
name = "pricing-market"
version = "0.1.0"
dependencies = [
 "pricing-core",
 "pricing-numerics",
]

[[package]]
name = "pricing-mc"
version = "0.1.0"
dependencies = [
 "pricing-aad",
 "pricing-core",
 "pricing-market",
 "pricing-models",
 "pricing-numerics",
 "pricing-product",
]

[[package]]
name = "pricing-models"
version = "0.1.0"
dependencies = [
 "pricing-core",
 "pricing-market",
 "pricing-numerics",
]

[[package]]
name = "pricing-numerics"
version = "0.1.0"
dependencies = [
 "pricing-core",
]

[[package]]
name = "pricing-product"
version = "0.1.0"
dependencies = [
 "pricing-core",
]

[[package]]
name = "pricing-python"
version = "0.1.0"
dependencies = [
 "pricing",
]

[[package]]
name = "pricing-risk"
version = "0.1.0"
dependencies = [
 "pricing-aad",
 "pricing-core",
 "pricing-market",
 "pricing-mc",
 "pricing-models",
 "pricing-numerics",
 "pricing-product",
]
